
Microsoft Visual Studio Solution File, Format Version 12.00
# Visual Studio Version 16
VisualStudioVersion = 16.0.29009.5
MinimumVisualStudioVersion = 10.0.40219.1
Project("{9A19103F-16F7-4668-BE54-9A1E7A4F7556}") = "ConvertingNumber", "ConvertingNumber.csproj", "{AE82DDBF-35B9-487D-BA96-4B6DAB2A0322}"
EndProject
Project("{FAE04EC0-301F-11D3-BF4B-00C04F79EFBC}") = "UnitTestProject", "..\UnitTestProject\UnitTestProject.csproj", "{21F7342A-AB3A-4EE3-A4EF-3FA567C77834}"
EndProject
Global
	GlobalSection(SolutionConfigurationPlatforms) = preSolution
		Debug|Any CPU = Debug|Any CPU
		Release|Any CPU = Release|Any CPU
	EndGlobalSection
	GlobalSection(ProjectConfigurationPlatforms) = postSolution
		{AE82DDBF-35B9-487D-BA96-4B6DAB2A0322}.Debug|Any CPU.ActiveCfg = Debug|Any CPU
		{AE82DDBF-35B9-487D-BA96-4B6DAB2A0322}.Debug|Any CPU.Build.0 = Debug|Any CPU
		{AE82DDBF-35B9-487D-BA96-4B6DAB2A0322}.Release|Any CPU.ActiveCfg = Release|Any CPU
		{AE82DDBF-35B9-487D-BA96-4B6DAB2A0322}.Release|Any CPU.Build.0 = Release|Any CPU
		{21F7342A-AB3A-4EE3-A4EF-3FA567C77834}.Debug|Any CPU.ActiveCfg = Debug|Any CPU
		{21F7342A-AB3A-4EE3-A4EF-3FA567C77834}.Debug|Any CPU.Build.0 = Debug|Any CPU
		{21F7342A-AB3A-4EE3-A4EF-3FA567C77834}.Release|Any CPU.ActiveCfg = Release|Any CPU
		{21F7342A-AB3A-4EE3-A4EF-3FA567C77834}.Release|Any CPU.Build.0 = Release|Any CPU
	EndGlobalSection
	GlobalSection(SolutionProperties) = preSolution
		HideSolutionNode = FALSE
	EndGlobalSection
	GlobalSection(ExtensibilityGlobals) = postSolution
		SolutionGuid = {0509CBD1-AF8E-4B76-BD29-FD6EFD88B5CA}
	EndGlobalSection
EndGlobal
